<?xml version="1.0" encoding="utf-8"?>
<Project ToolsVersion="4.0" xmlns="http://schemas.microsoft.com/developer/msbuild/2003">
  <ItemGroup>
    <Filter Include="源文件">
      <UniqueIdentifier>{4FC737F1-C7A5-4376-A066-2A32D752A2FF}</UniqueIdentifier>
      <Extensions>cpp;c;cc;cxx;c++;cppm;ixx;def;odl;idl;hpj;bat;asm;asmx</Extensions>
    </Filter>
    <Filter Include="头文件">
      <UniqueIdentifier>{93995380-89BD-4b04-88EB-625FBE52EBFB}</UniqueIdentifier>
      <Extensions>h;hh;hpp;hxx;h++;hm;inl;inc;ipp;xsd</Extensions>
    </Filter>
    <Filter Include="头文件\Tools">
      <UniqueIdentifier>{ef8db7a9-2ebf-4e79-963f-125952af28d3}</UniqueIdentifier>
    </Filter>
    <Filter Include="头文件\Functions">
      <UniqueIdentifier>{240323e8-6fb5-409f-ac25-aa747d94672c}</UniqueIdentifier>
    </Filter>
    <Filter Include="头文件\UI">
      <UniqueIdentifier>{7f20702c-a382-4aa1-a3e3-cf524d71cf3e}</UniqueIdentifier>
    </Filter>
  </ItemGroup>
  <ItemGroup>
    <ClCompile Include="main.c">
      <Filter>源文件</Filter>
    </ClCompile>
  </ItemGroup>
  <ItemGroup>
    <ClInclude Include="toolspack.h">
      <Filter>头文件\Tools</Filter>
    </ClInclude>
    <ClInclude Include="translate.h">
      <Filter>头文件\Functions</Filter>
    </ClInclude>
    <ClInclude Include="cut_check.h">
      <Filter>头文件\Functions</Filter>
    </ClInclude>
    <ClInclude Include="LCS.h">
      <Filter>头文件\Functions</Filter>
    </ClInclude>
    <ClInclude Include="load_gene.h">
      <Filter>头文件\Functions</Filter>
    </ClInclude>
    <ClInclude Include="SES.h">
      <Filter>头文件\Functions</Filter>
    </ClInclude>
    <ClInclude Include="struct_definition.h">
      <Filter>头文件\Tools</Filter>
    </ClInclude>
    <ClInclude Include="load_from_base.h">
      <Filter>头文件\Functions</Filter>
    </ClInclude>
    <ClInclude Include="Initialization.h">
      <Filter>头文件\Functions</Filter>
    </ClInclude>
    <ClInclude Include="search_from_roster.h">
      <Filter>头文件\Functions</Filter>
    </ClInclude>
    <ClInclude Include="user_management.h">
      <Filter>头文件\Functions</Filter>
    </ClInclude>
    <ClInclude Include="user_menu.h">
      <Filter>头文件\UI</Filter>
    </ClInclude>
    <ClInclude Include="resource.h">
      <Filter>头文件</Filter>
    </ClInclude>
  </ItemGroup>
  <ItemGroup>
    <ResourceCompile Include="Resource.rc" />
  </ItemGroup>
  <ItemGroup>
    <Image Include="图标.ico" />
    <Image Include="icon2.ico" />
    <Image Include="dna.ico" />
    <Image Include="dna128.ico" />
  </ItemGroup>
</Project>